
Microsoft Visual Studio Solution File, Format Version 12.00
# Visual Studio Version 16
VisualStudioVersion = 16.0.31313.79
MinimumVisualStudioVersion = 10.0.40219.1
Project("{9A19103F-16F7-4668-BE54-9A1E7A4F7556}") = "EventManager", "EventManager\EventManager.csproj", "{AB3DF6BE-539C-444E-9C4C-AC917364D34A}"
EndProject
Project("{FAE04EC0-301F-11D3-BF4B-00C04F79EFBC}") = "EventManager.DataAccess", "EventManager.DataAccess\EventManager.DataAccess.csproj", "{90839A77-031B-42E2-B3EA-183F23D4AFDA}"
EndProject
Project("{FAE04EC0-301F-11D3-BF4B-00C04F79EFBC}") = "EventManager.ApplicationServices", "EventManager.ApplicationServices\EventManager.ApplicationServices.csproj", "{84E2E513-8D38-4FDE-BBEE-867FFB852497}"
EndProject
Global
	GlobalSection(SolutionConfigurationPlatforms) = preSolution
		Debug|Any CPU = Debug|Any CPU
		Release|Any CPU = Release|Any CPU
	EndGlobalSection
	GlobalSection(ProjectConfigurationPlatforms) = postSolution
		{AB3DF6BE-539C-444E-9C4C-AC917364D34A}.Debug|Any CPU.ActiveCfg = Debug|Any CPU
		{AB3DF6BE-539C-444E-9C4C-AC917364D34A}.Debug|Any CPU.Build.0 = Debug|Any CPU
		{AB3DF6BE-539C-444E-9C4C-AC917364D34A}.Release|Any CPU.ActiveCfg = Release|Any CPU
		{AB3DF6BE-539C-444E-9C4C-AC917364D34A}.Release|Any CPU.Build.0 = Release|Any CPU
		{90839A77-031B-42E2-B3EA-183F23D4AFDA}.Debug|Any CPU.ActiveCfg = Debug|Any CPU
		{90839A77-031B-42E2-B3EA-183F23D4AFDA}.Debug|Any CPU.Build.0 = Debug|Any CPU
		{90839A77-031B-42E2-B3EA-183F23D4AFDA}.Release|Any CPU.ActiveCfg = Release|Any CPU
		{90839A77-031B-42E2-B3EA-183F23D4AFDA}.Release|Any CPU.Build.0 = Release|Any CPU
		{84E2E513-8D38-4FDE-BBEE-867FFB852497}.Debug|Any CPU.ActiveCfg = Debug|Any CPU
		{84E2E513-8D38-4FDE-BBEE-867FFB852497}.Debug|Any CPU.Build.0 = Debug|Any CPU
		{84E2E513-8D38-4FDE-BBEE-867FFB852497}.Release|Any CPU.ActiveCfg = Release|Any CPU
		{84E2E513-8D38-4FDE-BBEE-867FFB852497}.Release|Any CPU.Build.0 = Release|Any CPU
	EndGlobalSection
	GlobalSection(SolutionProperties) = preSolution
		HideSolutionNode = FALSE
	EndGlobalSection
	GlobalSection(ExtensibilityGlobals) = postSolution
		SolutionGuid = {7A68BA90-3B62-47F1-9799-D7BC48028D4E}
	EndGlobalSection
EndGlobal
